
Microsoft Visual Studio Solution File, Format Version 12.00
# Visual Studio Version 17
VisualStudioVersion = 17.7.34221.43
MinimumVisualStudioVersion = 10.0.40219.1
Project("{FAE04EC0-301F-11D3-BF4B-00C04F79EFBC}") = "GhostGame", "GhostGame.csproj", "{C22E4CB3-A76B-40C4-8BC2-C11C5690ECF0}"
EndProject
Global
	GlobalSection(SolutionConfigurationPlatforms) = preSolution
		Debug|Any CPU = Debug|Any CPU
		Release|Any CPU = Release|Any CPU
	EndGlobalSection
	GlobalSection(ProjectConfigurationPlatforms) = postSolution
		{C22E4CB3-A76B-40C4-8BC2-C11C5690ECF0}.Debug|Any CPU.ActiveCfg = Debug|Any CPU
		{C22E4CB3-A76B-40C4-8BC2-C11C5690ECF0}.Debug|Any CPU.Build.0 = Debug|Any CPU
		{C22E4CB3-A76B-40C4-8BC2-C11C5690ECF0}.Release|Any CPU.ActiveCfg = Release|Any CPU
		{C22E4CB3-A76B-40C4-8BC2-C11C5690ECF0}.Release|Any CPU.Build.0 = Release|Any CPU
	EndGlobalSection
	GlobalSection(SolutionProperties) = preSolution
		HideSolutionNode = FALSE
	EndGlobalSection
	GlobalSection(ExtensibilityGlobals) = postSolution
		SolutionGuid = {A7654DE8-E1BB-44BE-A821-24E478CF7D19}
	EndGlobalSection
EndGlobal
